
Microsoft Visual Studio Solution File, Format Version 12.00
# Visual Studio Version 17
VisualStudioVersion = 17.10.35027.167
MinimumVisualStudioVersion = 10.0.40219.1
Project("{FAE04EC0-301F-11D3-BF4B-00C04F79EFBC}") = "Inventory", "Inventory\Inventory.csproj", "{D5108D84-D9E3-4024-AD5B-E658E605ED87}"
EndProject
Global
	GlobalSection(SolutionConfigurationPlatforms) = preSolution
		Debug|Any CPU = Debug|Any CPU
		Release|Any CPU = Release|Any CPU
	EndGlobalSection
	GlobalSection(ProjectConfigurationPlatforms) = postSolution
		{D5108D84-D9E3-4024-AD5B-E658E605ED87}.Debug|Any CPU.ActiveCfg = Debug|Any CPU
		{D5108D84-D9E3-4024-AD5B-E658E605ED87}.Debug|Any CPU.Build.0 = Debug|Any CPU
		{D5108D84-D9E3-4024-AD5B-E658E605ED87}.Release|Any CPU.ActiveCfg = Release|Any CPU
		{D5108D84-D9E3-4024-AD5B-E658E605ED87}.Release|Any CPU.Build.0 = Release|Any CPU
	EndGlobalSection
	GlobalSection(SolutionProperties) = preSolution
		HideSolutionNode = FALSE
	EndGlobalSection
	GlobalSection(ExtensibilityGlobals) = postSolution
		SolutionGuid = {430B3EB3-019B-45A5-AE19-166FE6B8F1FB}
	EndGlobalSection
EndGlobal
